// !$*UTF8*$!
{
	archiveVersion = 1;
	classes = {
	};
	objectVersion = 48;
	objects = {

/* Begin PBXBuildFile section */
		432878221F5A33920010DC62 /* UIImage+RGB.swift in Sources */ = {isa = PBXBuildFile; fileRef = 432878211F5A33920010DC62 /* UIImage+RGB.swift */; };
		434984BD1F523D4800C106B5 /* UIImage+OpenCV.mm in Sources */ = {isa = PBXBuildFile; fileRef = 434984BC1F523D4800C106B5 /* UIImage+OpenCV.mm */; };
		43556D711F74AFC600175FF0 /* Camera.swift in Sources */ = {isa = PBXBuildFile; fileRef = 43556D701F74AFC600175FF0 /* Camera.swift */; };
		43556D731F74B00D00175FF0 /* Carousel.swift in Sources */ = {isa = PBXBuildFile; fileRef = 43556D721F74B00D00175FF0 /* Carousel.swift */; };
		43556D751F74B05200175FF0 /* CGUtils.swift in Sources */ = {isa = PBXBuildFile; fileRef = 43556D741F74B05200175FF0 /* CGUtils.swift */; };
		437D18691F74B7FC00D31393 /* Settings.swift in Sources */ = {isa = PBXBuildFile; fileRef = 437D18681F74B7FC00D31393 /* Settings.swift */; };
		43B922801F76FFD300C5E1B2 /* About.swift in Sources */ = {isa = PBXBuildFile; fileRef = 43B9227F1F76FFD300C5E1B2 /* About.swift */; };
		43B922821F77003200C5E1B2 /* about.html in Resources */ = {isa = PBXBuildFile; fileRef = 43B922811F77003200C5E1B2 /* about.html */; };
		5676C52D1AB842DF00E4945E /* AppDelegate.swift in Sources */ = {isa = PBXBuildFile; fileRef = 5676C52C1AB842DF00E4945E /* AppDelegate.swift */; };
		5676C52F1AB842DF00E4945E /* ViewController.swift in Sources */ = {isa = PBXBuildFile; fileRef = 5676C52E1AB842DF00E4945E /* ViewController.swift */; };
		5676C5321AB842DF00E4945E /* Main.storyboard in Resources */ = {isa = PBXBuildFile; fileRef = 5676C5301AB842DF00E4945E /* Main.storyboard */; };
		5676C5341AB842DF00E4945E /* Images.xcassets in Resources */ = {isa = PBXBuildFile; fileRef = 5676C5331AB842DF00E4945E /* Images.xcassets */; };
		5676C5371AB842DF00E4945E /* LaunchScreen.xib in Resources */ = {isa = PBXBuildFile; fileRef = 5676C5351AB842DF00E4945E /* LaunchScreen.xib */; };
		5676C5531AB84DB800E4945E /* OpenCVSampleFilter.mm in Sources */ = {isa = PBXBuildFile; fileRef = 5676C5521AB84DB800E4945E /* OpenCVSampleFilter.mm */; };
		61920CC7B481D48F06029303 /* Pods_Spinometer.framework in Frameworks */ = {isa = PBXBuildFile; fileRef = 9985E56E7DC926FB2A7CF810 /* Pods_Spinometer.framework */; };
/* End PBXBuildFile section */

/* Begin PBXFileReference section */
		432878211F5A33920010DC62 /* UIImage+RGB.swift */ = {isa = PBXFileReference; fileEncoding = 4; lastKnownFileType = sourcecode.swift; path = "UIImage+RGB.swift"; sourceTree = "<group>"; };
		434984BB1F523D4800C106B5 /* UIImage+OpenCV.h */ = {isa = PBXFileReference; fileEncoding = 4; lastKnownFileType = sourcecode.c.h; path = "UIImage+OpenCV.h"; sourceTree = "<group>"; };
		434984BC1F523D4800C106B5 /* UIImage+OpenCV.mm */ = {isa = PBXFileReference; fileEncoding = 4; lastKnownFileType = sourcecode.cpp.objcpp; path = "UIImage+OpenCV.mm"; sourceTree = "<group>"; };
		43556D701F74AFC600175FF0 /* Camera.swift */ = {isa = PBXFileReference; fileEncoding = 4; lastKnownFileType = sourcecode.swift; path = Camera.swift; sourceTree = "<group>"; };
		43556D721F74B00D00175FF0 /* Carousel.swift */ = {isa = PBXFileReference; fileEncoding = 4; lastKnownFileType = sourcecode.swift; path = Carousel.swift; sourceTree = "<group>"; };
		43556D741F74B05200175FF0 /* CGUtils.swift */ = {isa = PBXFileReference; fileEncoding = 4; lastKnownFileType = sourcecode.swift; path = CGUtils.swift; sourceTree = "<group>"; };
		437D18681F74B7FC00D31393 /* Settings.swift */ = {isa = PBXFileReference; fileEncoding = 4; lastKnownFileType = sourcecode.swift; path = Settings.swift; sourceTree = "<group>"; };
		43B9227F1F76FFD300C5E1B2 /* About.swift */ = {isa = PBXFileReference; fileEncoding = 4; lastKnownFileType = sourcecode.swift; path = About.swift; sourceTree = "<group>"; };
		43B922811F77003200C5E1B2 /* about.html */ = {isa = PBXFileReference; fileEncoding = 4; lastKnownFileType = text.html; path = about.html; sourceTree = SOURCE_ROOT; };
		5676C5271AB842DF00E4945E /* FidgetSpeedometer.app */ = {isa = PBXFileReference; explicitFileType = wrapper.application; includeInIndex = 0; name = FidgetSpeedometer.app; path = Spinometer.app; sourceTree = BUILT_PRODUCTS_DIR; };
		5676C52B1AB842DF00E4945E /* Info.plist */ = {isa = PBXFileReference; lastKnownFileType = text.plist.xml; path = Info.plist; sourceTree = "<group>"; };
		5676C52C1AB842DF00E4945E /* AppDelegate.swift */ = {isa = PBXFileReference; lastKnownFileType = sourcecode.swift; path = AppDelegate.swift; sourceTree = "<group>"; };
		5676C52E1AB842DF00E4945E /* ViewController.swift */ = {isa = PBXFileReference; lastKnownFileType = sourcecode.swift; path = ViewController.swift; sourceTree = "<group>"; };
		5676C5311AB842DF00E4945E /* Base */ = {isa = PBXFileReference; lastKnownFileType = file.storyboard; name = Base; path = Base.lproj/Main.storyboard; sourceTree = "<group>"; };
		5676C5331AB842DF00E4945E /* Images.xcassets */ = {isa = PBXFileReference; lastKnownFileType = folder.assetcatalog; path = Images.xcassets; sourceTree = "<group>"; };
		5676C5361AB842DF00E4945E /* Base */ = {isa = PBXFileReference; lastKnownFileType = file.xib; name = Base; path = Base.lproj/LaunchScreen.xib; sourceTree = "<group>"; };
		5676C54E1AB84D2600E4945E /* OpenCVSampleFilter-Bridging-Header.h */ = {isa = PBXFileReference; lastKnownFileType = sourcecode.c.h; path = "OpenCVSampleFilter-Bridging-Header.h"; sourceTree = "<group>"; };
		5676C5521AB84DB800E4945E /* OpenCVSampleFilter.mm */ = {isa = PBXFileReference; fileEncoding = 4; lastKnownFileType = sourcecode.cpp.objcpp; path = OpenCVSampleFilter.mm; sourceTree = "<group>"; };
		575E46FCD975A9C8ED4C6E79 /* Pods-Spinometer.release.xcconfig */ = {isa = PBXFileReference; includeInIndex = 1; lastKnownFileType = text.xcconfig; name = "Pods-Spinometer.release.xcconfig"; path = "Pods/Target Support Files/Pods-Spinometer/Pods-Spinometer.release.xcconfig"; sourceTree = "<group>"; };
		9985E56E7DC926FB2A7CF810 /* Pods_Spinometer.framework */ = {isa = PBXFileReference; explicitFileType = wrapper.framework; includeInIndex = 0; path = Pods_Spinometer.framework; sourceTree = BUILT_PRODUCTS_DIR; };
		D682F25F81CBDBF93A8559C7 /* Pods-Spinometer.debug.xcconfig */ = {isa = PBXFileReference; includeInIndex = 1; lastKnownFileType = text.xcconfig; name = "Pods-Spinometer.debug.xcconfig"; path = "Pods/Target Support Files/Pods-Spinometer/Pods-Spinometer.debug.xcconfig"; sourceTree = "<group>"; };
/* End PBXFileReference section */

/* Begin PBXFrameworksBuildPhase section */
		5676C5241AB842DF00E4945E /* Frameworks */ = {
			isa = PBXFrameworksBuildPhase;
			buildActionMask = 2147483647;
			files = (
				61920CC7B481D48F06029303 /* Pods_Spinometer.framework in Frameworks */,
			);
			runOnlyForDeploymentPostprocessing = 0;
		};
/* End PBXFrameworksBuildPhase section */

/* Begin PBXGroup section */
		288C8998B58E28403BD24165 /* Frameworks */ = {
			isa = PBXGroup;
			children = (
				9985E56E7DC926FB2A7CF810 /* Pods_Spinometer.framework */,
			);
			name = Frameworks;
			sourceTree = "<group>";
		};
		5676C51E1AB842DF00E4945E = {
			isa = PBXGroup;
			children = (
				5676C5291AB842DF00E4945E /* Spinometer */,
				5676C5281AB842DF00E4945E /* Products */,
				F794C3A9B357B3FFCF542D59 /* Pods */,
				288C8998B58E28403BD24165 /* Frameworks */,
			);
			sourceTree = "<group>";
		};
		5676C5281AB842DF00E4945E /* Products */ = {
			isa = PBXGroup;
			children = (
				5676C5271AB842DF00E4945E /* FidgetSpeedometer.app */,
			);
			name = Products;
			sourceTree = "<group>";
		};
		5676C5291AB842DF00E4945E /* Spinometer */ = {
			isa = PBXGroup;
			children = (
				5676C52C1AB842DF00E4945E /* AppDelegate.swift */,
				5676C52E1AB842DF00E4945E /* ViewController.swift */,
				43556D701F74AFC600175FF0 /* Camera.swift */,
				43556D721F74B00D00175FF0 /* Carousel.swift */,
				437D18681F74B7FC00D31393 /* Settings.swift */,
				43B9227F1F76FFD300C5E1B2 /* About.swift */,
				43B922811F77003200C5E1B2 /* about.html */,
				43556D741F74B05200175FF0 /* CGUtils.swift */,
				432878211F5A33920010DC62 /* UIImage+RGB.swift */,
				5676C5301AB842DF00E4945E /* Main.storyboard */,
				5676C5331AB842DF00E4945E /* Images.xcassets */,
				5676C5351AB842DF00E4945E /* LaunchScreen.xib */,
				5676C5501AB84DA100E4945E /* objc */,
				5676C52A1AB842DF00E4945E /* Supporting Files */,
			);
			path = Spinometer;
			sourceTree = "<group>";
		};
		5676C52A1AB842DF00E4945E /* Supporting Files */ = {
			isa = PBXGroup;
			children = (
				5676C52B1AB842DF00E4945E /* Info.plist */,
			);
			name = "Supporting Files";
			sourceTree = "<group>";
		};
		5676C5501AB84DA100E4945E /* objc */ = {
			isa = PBXGroup;
			children = (
				5676C54E1AB84D2600E4945E /* OpenCVSampleFilter-Bridging-Header.h */,
				5676C5521AB84DB800E4945E /* OpenCVSampleFilter.mm */,
				434984BB1F523D4800C106B5 /* UIImage+OpenCV.h */,
				434984BC1F523D4800C106B5 /* UIImage+OpenCV.mm */,
			);
			name = objc;
			sourceTree = "<group>";
		};
		F794C3A9B357B3FFCF542D59 /* Pods */ = {
			isa = PBXGroup;
			children = (
				D682F25F81CBDBF93A8559C7 /* Pods-Spinometer.debug.xcconfig */,
				575E46FCD975A9C8ED4C6E79 /* Pods-Spinometer.release.xcconfig */,
			);
			name = Pods;
			sourceTree = "<group>";
		};
/* End PBXGroup section */

/* Begin PBXNativeTarget section */
		5676C5261AB842DF00E4945E /* Spinometer */ = {
			isa = PBXNativeTarget;
			buildConfigurationList = 5676C5461AB842DF00E4945E /* Build configuration list for PBXNativeTarget "Spinometer" */;
			buildPhases = (
				25138FF77E09CCF9FA03DE9D /* [CP] Check Pods Manifest.lock */,
				5676C5231AB842DF00E4945E /* Sources */,
				5676C5241AB842DF00E4945E /* Frameworks */,
				5676C5251AB842DF00E4945E /* Resources */,
				E2B748823DE9D5E6F0D297F9 /* [CP] Embed Pods Frameworks */,
				1159117A49EA2A550A40E8A2 /* [CP] Copy Pods Resources */,
			);
			buildRules = (
			);
			dependencies = (
			);
			name = Spinometer;
			productName = Spinometer;
			productReference = 5676C5271AB842DF00E4945E /* FidgetSpeedometer.app */;
			productType = "com.apple.product-type.application";
		};
/* End PBXNativeTarget section */

/* Begin PBXProject section */
		5676C51F1AB842DF00E4945E /* Project object */ = {
			isa = PBXProject;
			attributes = {
				LastSwiftUpdateCheck = 0700;
				LastUpgradeCheck = 0700;
				ORGANIZATIONNAME = xxxAIRINxxx;
				TargetAttributes = {
					5676C5261AB842DF00E4945E = {
						CreatedOnToolsVersion = 6.2;
						LastSwiftMigration = 0830;
						ProvisioningStyle = Manual;
					};
				};
			};
			buildConfigurationList = 5676C5221AB842DF00E4945E /* Build configuration list for PBXProject "Spinometer" */;
			compatibilityVersion = "Xcode 8.0";
			developmentRegion = English;
			hasScannedForEncodings = 0;
			knownRegions = (
				en,
				Base,
			);
			mainGroup = 5676C51E1AB842DF00E4945E;
			productRefGroup = 5676C5281AB842DF00E4945E /* Products */;
			projectDirPath = "";
			projectRoot = "";
			targets = (
				5676C5261AB842DF00E4945E /* Spinometer */,
			);
		};
/* End PBXProject section */

/* Begin PBXResourcesBuildPhase section */
		5676C5251AB842DF00E4945E /* Resources */ = {
			isa = PBXResourcesBuildPhase;
			buildActionMask = 2147483647;
			files = (
				43B922821F77003200C5E1B2 /* about.html in Resources */,
				5676C5321AB842DF00E4945E /* Main.storyboard in Resources */,
				5676C5371AB842DF00E4945E /* LaunchScreen.xib in Resources */,
				5676C5341AB842DF00E4945E /* Images.xcassets in Resources */,
			);
			runOnlyForDeploymentPostprocessing = 0;
		};
/* End PBXResourcesBuildPhase section */

/* Begin PBXShellScriptBuildPhase section */
		1159117A49EA2A550A40E8A2 /* [CP] Copy Pods Resources */ = {
			isa = PBXShellScriptBuildPhase;
			buildActionMask = 2147483647;
			files = (
			);
			inputPaths = (
			);
			name = "[CP] Copy Pods Resources";
			outputPaths = (
			);
			runOnlyForDeploymentPostprocessing = 0;
			shellPath = /bin/sh;
			shellScript = "\"${SRCROOT}/Pods/Target Support Files/Pods-Spinometer/Pods-Spinometer-resources.sh\"\n";
			showEnvVarsInLog = 0;
		};
		25138FF77E09CCF9FA03DE9D /* [CP] Check Pods Manifest.lock */ = {
			isa = PBXShellScriptBuildPhase;
			buildActionMask = 2147483647;
			files = (
			);
			inputPaths = (
			);
			name = "[CP] Check Pods Manifest.lock";
			outputPaths = (
			);
			runOnlyForDeploymentPostprocessing = 0;
			shellPath = /bin/sh;
			shellScript = "diff \"${PODS_ROOT}/../Podfile.lock\" \"${PODS_ROOT}/Manifest.lock\" > /dev/null\nif [ $? != 0 ] ; then\n    # print error to STDERR\n    echo \"error: The sandbox is not in sync with the Podfile.lock. Run 'pod install' or update your CocoaPods installation.\" >&2\n    exit 1\nfi\n";
			showEnvVarsInLog = 0;
		};
		E2B748823DE9D5E6F0D297F9 /* [CP] Embed Pods Frameworks */ = {
			isa = PBXShellScriptBuildPhase;
			buildActionMask = 2147483647;
			files = (
			);
			inputPaths = (
			);
			name = "[CP] Embed Pods Frameworks";
			outputPaths = (
			);
			runOnlyForDeploymentPostprocessing = 0;
			shellPath = /bin/sh;
			shellScript = "\"${SRCROOT}/Pods/Target Support Files/Pods-Spinometer/Pods-Spinometer-frameworks.sh\"\n";
			showEnvVarsInLog = 0;
		};
/* End PBXShellScriptBuildPhase section */

/* Begin PBXSourcesBuildPhase section */
		5676C5231AB842DF00E4945E /* Sources */ = {
			isa = PBXSourcesBuildPhase;
			buildActionMask = 2147483647;
			files = (
				43556D751F74B05200175FF0 /* CGUtils.swift in Sources */,
				434984BD1F523D4800C106B5 /* UIImage+OpenCV.mm in Sources */,
				5676C52F1AB842DF00E4945E /* ViewController.swift in Sources */,
				437D18691F74B7FC00D31393 /* Settings.swift in Sources */,
				5676C5531AB84DB800E4945E /* OpenCVSampleFilter.mm in Sources */,
				43B922801F76FFD300C5E1B2 /* About.swift in Sources */,
				5676C52D1AB842DF00E4945E /* AppDelegate.swift in Sources */,
				43556D711F74AFC600175FF0 /* Camera.swift in Sources */,
				432878221F5A33920010DC62 /* UIImage+RGB.swift in Sources */,
				43556D731F74B00D00175FF0 /* Carousel.swift in Sources */,
			);
			runOnlyForDeploymentPostprocessing = 0;
		};
/* End PBXSourcesBuildPhase section */

/* Begin PBXVariantGroup section */
		5676C5301AB842DF00E4945E /* Main.storyboard */ = {
			isa = PBXVariantGroup;
			children = (
				5676C5311AB842DF00E4945E /* Base */,
			);
			name = Main.storyboard;
			sourceTree = "<group>";
		};
		5676C5351AB842DF00E4945E /* LaunchScreen.xib */ = {
			isa = PBXVariantGroup;
			children = (
				5676C5361AB842DF00E4945E /* Base */,
			);
			name = LaunchScreen.xib;
			sourceTree = "<group>";
		};
/* End PBXVariantGroup section */

/* Begin XCBuildConfiguration section */
		5676C5441AB842DF00E4945E /* Debug */ = {
			isa = XCBuildConfiguration;
			buildSettings = {
				ALWAYS_SEARCH_USER_PATHS = NO;
				CLANG_CXX_LANGUAGE_STANDARD = "gnu++0x";
				CLANG_CXX_LIBRARY = "libc++";
				CLANG_ENABLE_MODULES = YES;
				CLANG_ENABLE_OBJC_ARC = YES;
				CLANG_WARN_BOOL_CONVERSION = YES;
				CLANG_WARN_CONSTANT_CONVERSION = YES;
				CLANG_WARN_DIRECT_OBJC_ISA_USAGE = YES_ERROR;
				CLANG_WARN_EMPTY_BODY = YES;
				CLANG_WARN_ENUM_CONVERSION = YES;
				CLANG_WARN_INT_CONVERSION = YES;
				CLANG_WARN_OBJC_ROOT_CLASS = YES_ERROR;
				CLANG_WARN_UNREACHABLE_CODE = YES;
				CLANG_WARN__DUPLICATE_METHOD_MATCH = YES;
				"CODE_SIGN_IDENTITY[sdk=iphoneos*]" = "iPhone Developer";
				COPY_PHASE_STRIP = NO;
				ENABLE_STRICT_OBJC_MSGSEND = YES;
				ENABLE_TESTABILITY = YES;
				GCC_C_LANGUAGE_STANDARD = gnu99;
				GCC_DYNAMIC_NO_PIC = NO;
				GCC_OPTIMIZATION_LEVEL = 0;
				GCC_PREPROCESSOR_DEFINITIONS = (
					"DEBUG=1",
					"$(inherited)",
				);
				GCC_SYMBOLS_PRIVATE_EXTERN = NO;
				GCC_WARN_64_TO_32_BIT_CONVERSION = YES;
				GCC_WARN_ABOUT_RETURN_TYPE = YES_ERROR;
				GCC_WARN_UNDECLARED_SELECTOR = YES;
				GCC_WARN_UNINITIALIZED_AUTOS = YES_AGGRESSIVE;
				GCC_WARN_UNUSED_FUNCTION = YES;
				GCC_WARN_UNUSED_VARIABLE = YES;
				IPHONEOS_DEPLOYMENT_TARGET = 10.0;
				MTL_ENABLE_DEBUG_INFO = YES;
				ONLY_ACTIVE_ARCH = YES;
				SDKROOT = iphoneos;
				SWIFT_OPTIMIZATION_LEVEL = "-Onone";
			};
			name = Debug;
		};
		5676C5451AB842DF00E4945E /* Release */ = {
			isa = XCBuildConfiguration;
			buildSettings = {
				ALWAYS_SEARCH_USER_PATHS = NO;
				CLANG_CXX_LANGUAGE_STANDARD = "gnu++0x";
				CLANG_CXX_LIBRARY = "libc++";
				CLANG_ENABLE_MODULES = YES;
				CLANG_ENABLE_OBJC_ARC = YES;
				CLANG_WARN_BOOL_CONVERSION = YES;
				CLANG_WARN_CONSTANT_CONVERSION = YES;
				CLANG_WARN_DIRECT_OBJC_ISA_USAGE = YES_ERROR;
				CLANG_WARN_EMPTY_BODY = YES;
				CLANG_WARN_ENUM_CONVERSION = YES;
				CLANG_WARN_INT_CONVERSION = YES;
				CLANG_WARN_OBJC_ROOT_CLASS = YES_ERROR;
				CLANG_WARN_UNREACHABLE_CODE = YES;
				CLANG_WARN__DUPLICATE_METHOD_MATCH = YES;
				"CODE_SIGN_IDENTITY[sdk=iphoneos*]" = "iPhone Developer";
				COPY_PHASE_STRIP = NO;
				ENABLE_NS_ASSERTIONS = NO;
				ENABLE_STRICT_OBJC_MSGSEND = YES;
				GCC_C_LANGUAGE_STANDARD = gnu99;
				GCC_OPTIMIZATION_LEVEL = fast;
				GCC_WARN_64_TO_32_BIT_CONVERSION = YES;
				GCC_WARN_ABOUT_RETURN_TYPE = YES_ERROR;
				GCC_WARN_UNDECLARED_SELECTOR = YES;
				GCC_WARN_UNINITIALIZED_AUTOS = YES_AGGRESSIVE;
				GCC_WARN_UNUSED_FUNCTION = YES;
				GCC_WARN_UNUSED_VARIABLE = YES;
				IPHONEOS_DEPLOYMENT_TARGET = 10.0;
				MTL_ENABLE_DEBUG_INFO = NO;
				SDKROOT = iphoneos;
				SWIFT_OPTIMIZATION_LEVEL = "-Owholemodule";
				VALIDATE_PRODUCT = YES;
			};
			name = Release;
		};
		5676C5471AB842DF00E4945E /* Debug */ = {
			isa = XCBuildConfiguration;
			baseConfigurationReference = D682F25F81CBDBF93A8559C7 /* Pods-Spinometer.debug.xcconfig */;
			buildSettings = {
				ASSETCATALOG_COMPILER_APPICON_NAME = AppIcon;
				CLANG_ENABLE_MODULES = YES;
				CODE_SIGN_IDENTITY = "iPhone Developer";
				"CODE_SIGN_IDENTITY[sdk=iphoneos*]" = "iPhone Distribution";
				DEVELOPMENT_TEAM = XXX;
				ENABLE_BITCODE = NO;
				FRAMEWORK_SEARCH_PATHS = (
					"$(inherited)",
					"\"${PODS_ROOT}/OpenCV\"",
					"\"${PODS_ROOT}/MSSimpleGauge\"",
				);
				INFOPLIST_FILE = Spinometer/Info.plist;
				IPHONEOS_DEPLOYMENT_TARGET = 10.0;
				LD_RUNPATH_SEARCH_PATHS = "$(inherited) @executable_path/Frameworks";
				PRODUCT_BUNDLE_IDENTIFIER = net.pat.Spinometer;
				PRODUCT_NAME = "$(TARGET_NAME)";
				PROVISIONING_PROFILE = "XXX";
				PROVISIONING_PROFILE_SPECIFIER = "Spinometer";
				SWIFT_OBJC_BRIDGING_HEADER = "Spinometer/OpenCVSampleFilter-Bridging-Header.h";
				SWIFT_OPTIMIZATION_LEVEL = "-Onone";
				SWIFT_VERSION = 3.0;
				TARGETED_DEVICE_FAMILY = 1;
				VALID_ARCHS = arm64;
			};
			name = Debug;
		};
		5676C5481AB842DF00E4945E /* Release */ = {
			isa = XCBuildConfiguration;
			baseConfigurationReference = 575E46FCD975A9C8ED4C6E79 /* Pods-Spinometer.release.xcconfig */;
			buildSettings = {
				ASSETCATALOG_COMPILER_APPICON_NAME = AppIcon;
				CLANG_ENABLE_MODULES = YES;
				CODE_SIGN_IDENTITY = "iPhone Developer";
				"CODE_SIGN_IDENTITY[sdk=iphoneos*]" = "iPhone Distribution";
				DEVELOPMENT_TEAM = XXX;
				ENABLE_BITCODE = NO;
				FRAMEWORK_SEARCH_PATHS = (
					"$(inherited)",
					"\"${PODS_ROOT}/OpenCV\"",
					"\"${PODS_ROOT}/MSSimpleGauge\"",
				);
				GCC_OPTIMIZATION_LEVEL = fast;
				INFOPLIST_FILE = Spinometer/Info.plist;
				IPHONEOS_DEPLOYMENT_TARGET = 10.0;
				LD_RUNPATH_SEARCH_PATHS = "$(inherited) @executable_path/Frameworks";
				PRODUCT_BUNDLE_IDENTIFIER = net.pat.Spinometer;
				PRODUCT_NAME = "$(TARGET_NAME)";
				PROVISIONING_PROFILE = "XXX";
				PROVISIONING_PROFILE_SPECIFIER = "Spinometer App Store Distribution";
				SWIFT_OBJC_BRIDGING_HEADER = "Spinometer/OpenCVSampleFilter-Bridging-Header.h";
				SWIFT_OPTIMIZATION_LEVEL = "-Owholemodule";
				SWIFT_VERSION = 3.0;
				TARGETED_DEVICE_FAMILY = 1;
				VALID_ARCHS = arm64;
			};
			name = Release;
		};
/* End XCBuildConfiguration section */

/* Begin XCConfigurationList section */
		5676C5221AB842DF00E4945E /* Build configuration list for PBXProject "Spinometer" */ = {
			isa = XCConfigurationList;
			buildConfigurations = (
				5676C5441AB842DF00E4945E /* Debug */,
				5676C5451AB842DF00E4945E /* Release */,
			);
			defaultConfigurationIsVisible = 0;
			defaultConfigurationName = Release;
		};
		5676C5461AB842DF00E4945E /* Build configuration list for PBXNativeTarget "Spinometer" */ = {
			isa = XCConfigurationList;
			buildConfigurations = (
				5676C5471AB842DF00E4945E /* Debug */,
				5676C5481AB842DF00E4945E /* Release */,
			);
			defaultConfigurationIsVisible = 0;
			defaultConfigurationName = Release;
		};
/* End XCConfigurationList section */
	};
	rootObject = 5676C51F1AB842DF00E4945E /* Project object */;
}
